
Microsoft Visual Studio Solution File, Format Version 12.00
# Visual Studio Version 17
VisualStudioVersion = 17.12.35506.116
MinimumVisualStudioVersion = 10.0.40219.1
Project("{2150E333-8FDC-42A3-9474-1A3956D46DE8}") = "src", "src", "{27FA862C-E024-48D3-8856-C3323EB4589F}"
EndProject
Project("{FAE04EC0-301F-11D3-BF4B-00C04F79EFBC}") = "WebApi", "src\WebApi\WebApi.csproj", "{9FABDB98-F618-458F-98CF-08D427173D9C}"
EndProject
Project("{2150E333-8FDC-42A3-9474-1A3956D46DE8}") = "Modules", "Modules", "{0694FE89-5416-4376-B020-91E4006AB8FE}"
EndProject
Project("{2150E333-8FDC-42A3-9474-1A3956D46DE8}") = "Users", "Users", "{734A7D8C-3F40-4FBF-A8C5-6AB949539DCD}"
EndProject
Project("{FAE04EC0-301F-11D3-BF4B-00C04F79EFBC}") = "Modules.Users", "src\Modules\Users\Modules.Users\Modules.Users.csproj", "{E415F6C1-1814-431B-8F09-1FEA2913C962}"
EndProject
Project("{2150E333-8FDC-42A3-9474-1A3956D46DE8}") = "Listings", "Listings", "{FC73CFBB-CFE4-4127-9CC7-D0F03299D5FB}"
EndProject
Project("{FAE04EC0-301F-11D3-BF4B-00C04F79EFBC}") = "Modules.Listings", "src\Modules\Listings\Modules.Listings\Modules.Listings.csproj", "{B00A0DAD-C514-46B4-82D5-6B55E155DD31}"
EndProject
Project("{2150E333-8FDC-42A3-9474-1A3956D46DE8}") = "Bookings", "Bookings", "{33D448F5-08CC-4E7B-B3CC-BA1A4E55FE8A}"
EndProject
Project("{FAE04EC0-301F-11D3-BF4B-00C04F79EFBC}") = "Shared", "src\Shared\Shared.csproj", "{7703A8A0-74F0-4AC7-9ABE-997A2524036D}"
EndProject
Project("{FAE04EC0-301F-11D3-BF4B-00C04F79EFBC}") = "Modules.Bookings", "src\Modules\Bookings\Modules.Bookings\Modules.Bookings.csproj", "{84DBCD0F-E87B-4636-A669-B3734031DA1B}"
EndProject
Project("{E53339B2-1760-4266-BCC7-CA923CBCF16C}") = "docker-compose", "docker-compose.dcproj", "{F2C134F6-BA7A-4536-A974-174C9C25D3C8}"
EndProject
Global
	GlobalSection(SolutionConfigurationPlatforms) = preSolution
		Debug|Any CPU = Debug|Any CPU
		Release|Any CPU = Release|Any CPU
	EndGlobalSection
	GlobalSection(ProjectConfigurationPlatforms) = postSolution
		{9FABDB98-F618-458F-98CF-08D427173D9C}.Debug|Any CPU.ActiveCfg = Debug|Any CPU
		{9FABDB98-F618-458F-98CF-08D427173D9C}.Debug|Any CPU.Build.0 = Debug|Any CPU
		{9FABDB98-F618-458F-98CF-08D427173D9C}.Release|Any CPU.ActiveCfg = Release|Any CPU
		{9FABDB98-F618-458F-98CF-08D427173D9C}.Release|Any CPU.Build.0 = Release|Any CPU
		{E415F6C1-1814-431B-8F09-1FEA2913C962}.Debug|Any CPU.ActiveCfg = Debug|Any CPU
		{E415F6C1-1814-431B-8F09-1FEA2913C962}.Debug|Any CPU.Build.0 = Debug|Any CPU
		{E415F6C1-1814-431B-8F09-1FEA2913C962}.Release|Any CPU.ActiveCfg = Release|Any CPU
		{E415F6C1-1814-431B-8F09-1FEA2913C962}.Release|Any CPU.Build.0 = Release|Any CPU
		{B00A0DAD-C514-46B4-82D5-6B55E155DD31}.Debug|Any CPU.ActiveCfg = Debug|Any CPU
		{B00A0DAD-C514-46B4-82D5-6B55E155DD31}.Debug|Any CPU.Build.0 = Debug|Any CPU
		{B00A0DAD-C514-46B4-82D5-6B55E155DD31}.Release|Any CPU.ActiveCfg = Release|Any CPU
		{B00A0DAD-C514-46B4-82D5-6B55E155DD31}.Release|Any CPU.Build.0 = Release|Any CPU
		{7703A8A0-74F0-4AC7-9ABE-997A2524036D}.Debug|Any CPU.ActiveCfg = Debug|Any CPU
		{7703A8A0-74F0-4AC7-9ABE-997A2524036D}.Debug|Any CPU.Build.0 = Debug|Any CPU
		{7703A8A0-74F0-4AC7-9ABE-997A2524036D}.Release|Any CPU.ActiveCfg = Release|Any CPU
		{7703A8A0-74F0-4AC7-9ABE-997A2524036D}.Release|Any CPU.Build.0 = Release|Any CPU
		{84DBCD0F-E87B-4636-A669-B3734031DA1B}.Debug|Any CPU.ActiveCfg = Debug|Any CPU
		{84DBCD0F-E87B-4636-A669-B3734031DA1B}.Debug|Any CPU.Build.0 = Debug|Any CPU
		{84DBCD0F-E87B-4636-A669-B3734031DA1B}.Release|Any CPU.ActiveCfg = Release|Any CPU
		{84DBCD0F-E87B-4636-A669-B3734031DA1B}.Release|Any CPU.Build.0 = Release|Any CPU
		{F2C134F6-BA7A-4536-A974-174C9C25D3C8}.Debug|Any CPU.ActiveCfg = Debug|Any CPU
		{F2C134F6-BA7A-4536-A974-174C9C25D3C8}.Debug|Any CPU.Build.0 = Debug|Any CPU
		{F2C134F6-BA7A-4536-A974-174C9C25D3C8}.Release|Any CPU.ActiveCfg = Release|Any CPU
		{F2C134F6-BA7A-4536-A974-174C9C25D3C8}.Release|Any CPU.Build.0 = Release|Any CPU
	EndGlobalSection
	GlobalSection(SolutionProperties) = preSolution
		HideSolutionNode = FALSE
	EndGlobalSection
	GlobalSection(NestedProjects) = preSolution
		{9FABDB98-F618-458F-98CF-08D427173D9C} = {27FA862C-E024-48D3-8856-C3323EB4589F}
		{0694FE89-5416-4376-B020-91E4006AB8FE} = {27FA862C-E024-48D3-8856-C3323EB4589F}
		{734A7D8C-3F40-4FBF-A8C5-6AB949539DCD} = {0694FE89-5416-4376-B020-91E4006AB8FE}
		{E415F6C1-1814-431B-8F09-1FEA2913C962} = {734A7D8C-3F40-4FBF-A8C5-6AB949539DCD}
		{FC73CFBB-CFE4-4127-9CC7-D0F03299D5FB} = {0694FE89-5416-4376-B020-91E4006AB8FE}
		{B00A0DAD-C514-46B4-82D5-6B55E155DD31} = {FC73CFBB-CFE4-4127-9CC7-D0F03299D5FB}
		{33D448F5-08CC-4E7B-B3CC-BA1A4E55FE8A} = {0694FE89-5416-4376-B020-91E4006AB8FE}
		{7703A8A0-74F0-4AC7-9ABE-997A2524036D} = {27FA862C-E024-48D3-8856-C3323EB4589F}
		{84DBCD0F-E87B-4636-A669-B3734031DA1B} = {33D448F5-08CC-4E7B-B3CC-BA1A4E55FE8A}
	EndGlobalSection
EndGlobal
